Microsoft Visual Studio Solution File, Format Version 12.00
# Visual Studio Version 17
VisualStudioVersion = 17.5.2.0
MinimumVisualStudioVersion = 10.0.40219.1
Project("{FAE04EC0-301F-11D3-BF4B-00C04F79EFBC}") = "Komas_API", "Komas_API.csproj", "{8997EB5A-94C1-0ADE-D832-863532CC985A}"
EndProject
Global
	GlobalSection(SolutionConfigurationPlatforms) = preSolution
		Debug|Any CPU = Debug|Any CPU
		Release|Any CPU = Release|Any CPU
	EndGlobalSection
	GlobalSection(ProjectConfigurationPlatforms) = postSolution
		{8997EB5A-94C1-0ADE-D832-863532CC985A}.Debug|Any CPU.ActiveCfg = Debug|Any CPU
		{8997EB5A-94C1-0ADE-D832-863532CC985A}.Debug|Any CPU.Build.0 = Debug|Any CPU
		{8997EB5A-94C1-0ADE-D832-863532CC985A}.Release|Any CPU.ActiveCfg = Release|Any CPU
		{8997EB5A-94C1-0ADE-D832-863532CC985A}.Release|Any CPU.Build.0 = Release|Any CPU
	EndGlobalSection
	GlobalSection(SolutionProperties) = preSolution
		HideSolutionNode = FALSE
	EndGlobalSection
	GlobalSection(ExtensibilityGlobals) = postSolution
		SolutionGuid = {D62A699D-AB9F-4390-96AC-1187360AB38F}
	EndGlobalSection
EndGlobal
